// !$*UTF8*$!
{
	archiveVersion = 1;
	classes = {
	};
	objectVersion = 56;
	objects = {

/* Begin PBXBuildFile section */
		18E92C9F2A99E30300E84549 /* AppDelegate.m in Sources */ = {isa = PBXBuildFile; fileRef = 18E92C9E2A99E30300E84549 /* AppDelegate.m */; };
		18E92CA22A99E30300E84549 /* SceneDelegate.m in Sources */ = {isa = PBXBuildFile; fileRef = 18E92CA12A99E30300E84549 /* SceneDelegate.m */; };
		18E92CA52A99E30300E84549 /* ViewController.m in Sources */ = {isa = PBXBuildFile; fileRef = 18E92CA42A99E30300E84549 /* ViewController.m */; };
		18E92CA82A99E30300E84549 /* Main.storyboard in Resources */ = {isa = PBXBuildFile; fileRef = 18E92CA62A99E30300E84549 /* Main.storyboard */; };
		18E92CAB2A99E30300E84549 /* EmaarTestRaghav.xcdatamodeld in Sources */ = {isa = PBXBuildFile; fileRef = 18E92CA92A99E30300E84549 /* EmaarTestRaghav.xcdatamodeld */; };
		18E92CAD2A99E30400E84549 /* Assets.xcassets in Resources */ = {isa = PBXBuildFile; fileRef = 18E92CAC2A99E30400E84549 /* Assets.xcassets */; };
		18E92CB02A99E30400E84549 /* LaunchScreen.storyboard in Resources */ = {isa = PBXBuildFile; fileRef = 18E92CAE2A99E30400E84549 /* LaunchScreen.storyboard */; };
		18E92CB32A99E30400E84549 /* main.m in Sources */ = {isa = PBXBuildFile; fileRef = 18E92CB22A99E30400E84549 /* main.m */; };
		18E92CBF2A99E82C00E84549 /* UsersInformation.m in Sources */ = {isa = PBXBuildFile; fileRef = 18E92CBE2A99E82C00E84549 /* UsersInformation.m */; };
		18E92CC62A9A040300E84549 /* UsersListTableViewCell.m in Sources */ = {isa = PBXBuildFile; fileRef = 18E92CC52A9A040300E84549 /* UsersListTableViewCell.m */; };
		18E92CC92A9A0CC400E84549 /* UserDetailViewController.swift in Sources */ = {isa = PBXBuildFile; fileRef = 18E92CC82A9A0CC400E84549 /* UserDetailViewController.swift */; };
		18E92CCE2A9A1D5B00E84549 /* UIViewExtension.swift in Sources */ = {isa = PBXBuildFile; fileRef = 18E92CCD2A9A1D5B00E84549 /* UIViewExtension.swift */; };
		18E92CD42A9A1E9E00E84549 /* UserImageDetailTableViewCell.swift in Sources */ = {isa = PBXBuildFile; fileRef = 18E92CD32A9A1E9E00E84549 /* UserImageDetailTableViewCell.swift */; };
		18E92CD62A9A1EC100E84549 /* UserBasicDetailTableViewCell.swift in Sources */ = {isa = PBXBuildFile; fileRef = 18E92CD52A9A1EC100E84549 /* UserBasicDetailTableViewCell.swift */; };
		18E92CD82A9A1ED100E84549 /* UserLocationDetailTableViewCell.swift in Sources */ = {isa = PBXBuildFile; fileRef = 18E92CD72A9A1ED100E84549 /* UserLocationDetailTableViewCell.swift */; };
		18E92CDA2A9A42ED00E84549 /* UIViewControllerExtension.swift in Sources */ = {isa = PBXBuildFile; fileRef = 18E92CD92A9A42ED00E84549 /* UIViewControllerExtension.swift */; };
		18E92CDC2A9A671800E84549 /* CoreData.framework in Frameworks */ = {isa = PBXBuildFile; fileRef = 18E92CDB2A9A671700E84549 /* CoreData.framework */; };
		E9EC749B856D8151D441A0A6 /* Pods_EmaarTestRaghav.framework in Frameworks */ = {isa = PBXBuildFile; fileRef = 9F069D4EE134CF23A79D5D56 /* Pods_EmaarTestRaghav.framework */; };
/* End PBXBuildFile section */

/* Begin PBXFileReference section */
		18E92C9A2A99E30300E84549 /* EmaarTestRaghav.app */ = {isa = PBXFileReference; explicitFileType = wrapper.application; includeInIndex = 0; path = EmaarTestRaghav.app; sourceTree = BUILT_PRODUCTS_DIR; };
		18E92C9D2A99E30300E84549 /* AppDelegate.h */ = {isa = PBXFileReference; lastKnownFileType = sourcecode.c.h; path = AppDelegate.h; sourceTree = "<group>"; };
		18E92C9E2A99E30300E84549 /* AppDelegate.m */ = {isa = PBXFileReference; lastKnownFileType = sourcecode.c.objc; path = AppDelegate.m; sourceTree = "<group>"; };
		18E92CA02A99E30300E84549 /* SceneDelegate.h */ = {isa = PBXFileReference; lastKnownFileType = sourcecode.c.h; path = SceneDelegate.h; sourceTree = "<group>"; };
		18E92CA12A99E30300E84549 /* SceneDelegate.m */ = {isa = PBXFileReference; lastKnownFileType = sourcecode.c.objc; path = SceneDelegate.m; sourceTree = "<group>"; };
		18E92CA32A99E30300E84549 /* ViewController.h */ = {isa = PBXFileReference; lastKnownFileType = sourcecode.c.h; path = ViewController.h; sourceTree = "<group>"; };
		18E92CA42A99E30300E84549 /* ViewController.m */ = {isa = PBXFileReference; lastKnownFileType = sourcecode.c.objc; path = ViewController.m; sourceTree = "<group>"; };
		18E92CA72A99E30300E84549 /* Base */ = {isa = PBXFileReference; lastKnownFileType = file.storyboard; name = Base; path = Base.lproj/Main.storyboard; sourceTree = "<group>"; };
		18E92CAA2A99E30300E84549 /* EmaarTestRaghav.xcdatamodel */ = {isa = PBXFileReference; lastKnownFileType = wrapper.xcdatamodel; path = EmaarTestRaghav.xcdatamodel; sourceTree = "<group>"; };
		18E92CAC2A99E30400E84549 /* Assets.xcassets */ = {isa = PBXFileReference; lastKnownFileType = folder.assetcatalog; path = Assets.xcassets; sourceTree = "<group>"; };
		18E92CAF2A99E30400E84549 /* Base */ = {isa = PBXFileReference; lastKnownFileType = file.storyboard; name = Base; path = Base.lproj/LaunchScreen.storyboard; sourceTree = "<group>"; };
		18E92CB12A99E30400E84549 /* Info.plist */ = {isa = PBXFileReference; lastKnownFileType = text.plist.xml; path = Info.plist; sourceTree = "<group>"; };
		18E92CB22A99E30400E84549 /* main.m */ = {isa = PBXFileReference; lastKnownFileType = sourcecode.c.objc; path = main.m; sourceTree = "<group>"; };
		18E92CBD2A99E82C00E84549 /* UsersInformation.h */ = {isa = PBXFileReference; lastKnownFileType = sourcecode.c.h; path = UsersInformation.h; sourceTree = "<group>"; };
		18E92CBE2A99E82C00E84549 /* UsersInformation.m */ = {isa = PBXFileReference; lastKnownFileType = sourcecode.c.objc; path = UsersInformation.m; sourceTree = "<group>"; };
		18E92CC42A9A040300E84549 /* UsersListTableViewCell.h */ = {isa = PBXFileReference; lastKnownFileType = sourcecode.c.h; path = UsersListTableViewCell.h; sourceTree = "<group>"; };
		18E92CC52A9A040300E84549 /* UsersListTableViewCell.m */ = {isa = PBXFileReference; lastKnownFileType = sourcecode.c.objc; path = UsersListTableViewCell.m; sourceTree = "<group>"; };
		18E92CC72A9A0CC300E84549 /* EmaarTestRaghav-Bridging-Header.h */ = {isa = PBXFileReference; lastKnownFileType = sourcecode.c.h; path = "EmaarTestRaghav-Bridging-Header.h"; sourceTree = "<group>"; };
		18E92CC82A9A0CC400E84549 /* UserDetailViewController.swift */ = {isa = PBXFileReference; lastKnownFileType = sourcecode.swift; path = UserDetailViewController.swift; sourceTree = "<group>"; };
		18E92CCD2A9A1D5B00E84549 /* UIViewExtension.swift */ = {isa = PBXFileReference; lastKnownFileType = sourcecode.swift; path = UIViewExtension.swift; sourceTree = "<group>"; };
		18E92CD32A9A1E9E00E84549 /* UserImageDetailTableViewCell.swift */ = {isa = PBXFileReference; lastKnownFileType = sourcecode.swift; path = UserImageDetailTableViewCell.swift; sourceTree = "<group>"; };
		18E92CD52A9A1EC100E84549 /* UserBasicDetailTableViewCell.swift */ = {isa = PBXFileReference; lastKnownFileType = sourcecode.swift; path = UserBasicDetailTableViewCell.swift; sourceTree = "<group>"; };
		18E92CD72A9A1ED100E84549 /* UserLocationDetailTableViewCell.swift */ = {isa = PBXFileReference; lastKnownFileType = sourcecode.swift; path = UserLocationDetailTableViewCell.swift; sourceTree = "<group>"; };
		18E92CD92A9A42ED00E84549 /* UIViewControllerExtension.swift */ = {isa = PBXFileReference; lastKnownFileType = sourcecode.swift; path = UIViewControllerExtension.swift; sourceTree = "<group>"; };
		18E92CDB2A9A671700E84549 /* CoreData.framework */ = {isa = PBXFileReference; lastKnownFileType = wrapper.framework; name = CoreData.framework; path = System/Library/Frameworks/CoreData.framework; sourceTree = SDKROOT; };
		84ECA22572FC2E014658D93E /* Pods-EmaarTestRaghav.release.xcconfig */ = {isa = PBXFileReference; includeInIndex = 1; lastKnownFileType = text.xcconfig; name = "Pods-EmaarTestRaghav.release.xcconfig"; path = "Target Support Files/Pods-EmaarTestRaghav/Pods-EmaarTestRaghav.release.xcconfig"; sourceTree = "<group>"; };
		9F069D4EE134CF23A79D5D56 /* Pods_EmaarTestRaghav.framework */ = {isa = PBXFileReference; explicitFileType = wrapper.framework; includeInIndex = 0; path = Pods_EmaarTestRaghav.framework; sourceTree = BUILT_PRODUCTS_DIR; };
		AD6E97A883A4A2AF2176631C /* Pods-EmaarTestRaghav.debug.xcconfig */ = {isa = PBXFileReference; includeInIndex = 1; lastKnownFileType = text.xcconfig; name = "Pods-EmaarTestRaghav.debug.xcconfig"; path = "Target Support Files/Pods-EmaarTestRaghav/Pods-EmaarTestRaghav.debug.xcconfig"; sourceTree = "<group>"; };
/* End PBXFileReference section */

/* Begin PBXFrameworksBuildPhase section */
		18E92C972A99E30300E84549 /* Frameworks */ = {
			isa = PBXFrameworksBuildPhase;
			buildActionMask = 2147483647;
			files = (
				E9EC749B856D8151D441A0A6 /* Pods_EmaarTestRaghav.framework in Frameworks */,
				18E92CDC2A9A671800E84549 /* CoreData.framework in Frameworks */,
			);
			runOnlyForDeploymentPostprocessing = 0;
		};
/* End PBXFrameworksBuildPhase section */

/* Begin PBXGroup section */
		18E92C912A99E30300E84549 = {
			isa = PBXGroup;
			children = (
				18E92C9C2A99E30300E84549 /* EmaarTestRaghav */,
				18E92C9B2A99E30300E84549 /* Products */,
				F60E817BF717BBDE4628FB60 /* Pods */,
				6BF188C25A9002000E087F8C /* Frameworks */,
			);
			sourceTree = "<group>";
		};
		18E92C9B2A99E30300E84549 /* Products */ = {
			isa = PBXGroup;
			children = (
				18E92C9A2A99E30300E84549 /* EmaarTestRaghav.app */,
			);
			name = Products;
			sourceTree = "<group>";
		};
		18E92C9C2A99E30300E84549 /* EmaarTestRaghav */ = {
			isa = PBXGroup;
			children = (
				18E92CCC2A9A1D3100E84549 /* Extensions */,
				18E92CBC2A99E81A00E84549 /* Models */,
				18E92CB92A99E32B00E84549 /* Initialisation */,
				18E92CBA2A99E34700E84549 /* Controllers */,
				18E92CC32A9A03D600E84549 /* TableViewCells */,
				18E92CBB2A99E35D00E84549 /* Storyboards */,
				18E92CAC2A99E30400E84549 /* Assets.xcassets */,
				18E92CB12A99E30400E84549 /* Info.plist */,
				18E92CB22A99E30400E84549 /* main.m */,
				18E92CA92A99E30300E84549 /* EmaarTestRaghav.xcdatamodeld */,
			);
			path = EmaarTestRaghav;
			sourceTree = "<group>";
		};
		18E92CB92A99E32B00E84549 /* Initialisation */ = {
			isa = PBXGroup;
			children = (
				18E92C9D2A99E30300E84549 /* AppDelegate.h */,
				18E92C9E2A99E30300E84549 /* AppDelegate.m */,
				18E92CA02A99E30300E84549 /* SceneDelegate.h */,
				18E92CA12A99E30300E84549 /* SceneDelegate.m */,
			);
			path = Initialisation;
			sourceTree = "<group>";
		};
		18E92CBA2A99E34700E84549 /* Controllers */ = {
			isa = PBXGroup;
			children = (
				18E92CCA2A9A103B00E84549 /* Users List */,
				18E92CCB2A9A104A00E84549 /* User Details */,
				18E92CC72A9A0CC300E84549 /* EmaarTestRaghav-Bridging-Header.h */,
			);
			path = Controllers;
			sourceTree = "<group>";
		};
		18E92CBB2A99E35D00E84549 /* Storyboards */ = {
			isa = PBXGroup;
			children = (
				18E92CA62A99E30300E84549 /* Main.storyboard */,
				18E92CAE2A99E30400E84549 /* LaunchScreen.storyboard */,
			);
			path = Storyboards;
			sourceTree = "<group>";
		};
		18E92CBC2A99E81A00E84549 /* Models */ = {
			isa = PBXGroup;
			children = (
				18E92CBD2A99E82C00E84549 /* UsersInformation.h */,
				18E92CBE2A99E82C00E84549 /* UsersInformation.m */,
			);
			path = Models;
			sourceTree = "<group>";
		};
		18E92CC32A9A03D600E84549 /* TableViewCells */ = {
			isa = PBXGroup;
			children = (
				18E92CCF2A9A1E2700E84549 /* Users List */,
				18E92CD02A9A1E3E00E84549 /* User Details */,
			);
			path = TableViewCells;
			sourceTree = "<group>";
		};
		18E92CCA2A9A103B00E84549 /* Users List */ = {
			isa = PBXGroup;
			children = (
				18E92CA32A99E30300E84549 /* ViewController.h */,
				18E92CA42A99E30300E84549 /* ViewController.m */,
			);
			path = "Users List";
			sourceTree = "<group>";
		};
		18E92CCB2A9A104A00E84549 /* User Details */ = {
			isa = PBXGroup;
			children = (
				18E92CC82A9A0CC400E84549 /* UserDetailViewController.swift */,
			);
			path = "User Details";
			sourceTree = "<group>";
		};
		18E92CCC2A9A1D3100E84549 /* Extensions */ = {
			isa = PBXGroup;
			children = (
				18E92CCD2A9A1D5B00E84549 /* UIViewExtension.swift */,
				18E92CD92A9A42ED00E84549 /* UIViewControllerExtension.swift */,
			);
			path = Extensions;
			sourceTree = "<group>";
		};
		18E92CCF2A9A1E2700E84549 /* Users List */ = {
			isa = PBXGroup;
			children = (
				18E92CC42A9A040300E84549 /* UsersListTableViewCell.h */,
				18E92CC52A9A040300E84549 /* UsersListTableViewCell.m */,
			);
			path = "Users List";
			sourceTree = "<group>";
		};
		18E92CD02A9A1E3E00E84549 /* User Details */ = {
			isa = PBXGroup;
			children = (
				18E92CD32A9A1E9E00E84549 /* UserImageDetailTableViewCell.swift */,
				18E92CD52A9A1EC100E84549 /* UserBasicDetailTableViewCell.swift */,
				18E92CD72A9A1ED100E84549 /* UserLocationDetailTableViewCell.swift */,
			);
			path = "User Details";
			sourceTree = "<group>";
		};
		6BF188C25A9002000E087F8C /* Frameworks */ = {
			isa = PBXGroup;
			children = (
				18E92CDB2A9A671700E84549 /* CoreData.framework */,
				9F069D4EE134CF23A79D5D56 /* Pods_EmaarTestRaghav.framework */,
			);
			name = Frameworks;
			sourceTree = "<group>";
		};
		F60E817BF717BBDE4628FB60 /* Pods */ = {
			isa = PBXGroup;
			children = (
				AD6E97A883A4A2AF2176631C /* Pods-EmaarTestRaghav.debug.xcconfig */,
				84ECA22572FC2E014658D93E /* Pods-EmaarTestRaghav.release.xcconfig */,
			);
			path = Pods;
			sourceTree = "<group>";
		};
/* End PBXGroup section */

/* Begin PBXNativeTarget section */
		18E92C992A99E30300E84549 /* EmaarTestRaghav */ = {
			isa = PBXNativeTarget;
			buildConfigurationList = 18E92CB62A99E30400E84549 /* Build configuration list for PBXNativeTarget "EmaarTestRaghav" */;
			buildPhases = (
				11F8C09A4C2C836FEA3ECEF6 /* [CP] Check Pods Manifest.lock */,
				18E92C962A99E30300E84549 /* Sources */,
				18E92C972A99E30300E84549 /* Frameworks */,
				18E92C982A99E30300E84549 /* Resources */,
				75B729D834C541ECE553ADAD /* [CP] Embed Pods Frameworks */,
			);
			buildRules = (
			);
			dependencies = (
			);
			name = EmaarTestRaghav;
			productName = EmaarTestRaghav;
			productReference = 18E92C9A2A99E30300E84549 /* EmaarTestRaghav.app */;
			productType = "com.apple.product-type.application";
		};
/* End PBXNativeTarget section */

/* Begin PBXProject section */
		18E92C922A99E30300E84549 /* Project object */ = {
			isa = PBXProject;
			attributes = {
				BuildIndependentTargetsInParallel = 1;
				LastUpgradeCheck = 1430;
				TargetAttributes = {
					18E92C992A99E30300E84549 = {
						CreatedOnToolsVersion = 14.3.1;
						LastSwiftMigration = 1430;
					};
				};
			};
			buildConfigurationList = 18E92C952A99E30300E84549 /* Build configuration list for PBXProject "EmaarTestRaghav" */;
			compatibilityVersion = "Xcode 14.0";
			developmentRegion = en;
			hasScannedForEncodings = 0;
			knownRegions = (
				en,
				Base,
			);
			mainGroup = 18E92C912A99E30300E84549;
			productRefGroup = 18E92C9B2A99E30300E84549 /* Products */;
			projectDirPath = "";
			projectRoot = "";
			targets = (
				18E92C992A99E30300E84549 /* EmaarTestRaghav */,
			);
		};
/* End PBXProject section */

/* Begin PBXResourcesBuildPhase section */
		18E92C982A99E30300E84549 /* Resources */ = {
			isa = PBXResourcesBuildPhase;
			buildActionMask = 2147483647;
			files = (
				18E92CB02A99E30400E84549 /* LaunchScreen.storyboard in Resources */,
				18E92CAD2A99E30400E84549 /* Assets.xcassets in Resources */,
				18E92CA82A99E30300E84549 /* Main.storyboard in Resources */,
			);
			runOnlyForDeploymentPostprocessing = 0;
		};
/* End PBXResourcesBuildPhase section */

/* Begin PBXShellScriptBuildPhase section */
		11F8C09A4C2C836FEA3ECEF6 /* [CP] Check Pods Manifest.lock */ = {
			isa = PBXShellScriptBuildPhase;
			buildActionMask = 2147483647;
			files = (
			);
			inputFileListPaths = (
			);
			inputPaths = (
				"${PODS_PODFILE_DIR_PATH}/Podfile.lock",
				"${PODS_ROOT}/Manifest.lock",
			);
			name = "[CP] Check Pods Manifest.lock";
			outputFileListPaths = (
			);
			outputPaths = (
				"$(DERIVED_FILE_DIR)/Pods-EmaarTestRaghav-checkManifestLockResult.txt",
			);
			runOnlyForDeploymentPostprocessing = 0;
			shellPath = /bin/sh;
			shellScript = "diff \"${PODS_PODFILE_DIR_PATH}/Podfile.lock\" \"${PODS_ROOT}/Manifest.lock\" > /dev/null\nif [ $? != 0 ] ; then\n    # print error to STDERR\n    echo \"error: The sandbox is not in sync with the Podfile.lock. Run 'pod install' or update your CocoaPods installation.\" >&2\n    exit 1\nfi\n# This output is used by Xcode 'outputs' to avoid re-running this script phase.\necho \"SUCCESS\" > \"${SCRIPT_OUTPUT_FILE_0}\"\n";
			showEnvVarsInLog = 0;
		};
		75B729D834C541ECE553ADAD /* [CP] Embed Pods Frameworks */ = {
			isa = PBXShellScriptBuildPhase;
			buildActionMask = 2147483647;
			files = (
			);
			inputFileListPaths = (
				"${PODS_ROOT}/Target Support Files/Pods-EmaarTestRaghav/Pods-EmaarTestRaghav-frameworks-${CONFIGURATION}-input-files.xcfilelist",
			);
			name = "[CP] Embed Pods Frameworks";
			outputFileListPaths = (
				"${PODS_ROOT}/Target Support Files/Pods-EmaarTestRaghav/Pods-EmaarTestRaghav-frameworks-${CONFIGURATION}-output-files.xcfilelist",
			);
			runOnlyForDeploymentPostprocessing = 0;
			shellPath = /bin/sh;
			shellScript = "\"${PODS_ROOT}/Target Support Files/Pods-EmaarTestRaghav/Pods-EmaarTestRaghav-frameworks.sh\"\n";
			showEnvVarsInLog = 0;
		};
/* End PBXShellScriptBuildPhase section */

/* Begin PBXSourcesBuildPhase section */
		18E92C962A99E30300E84549 /* Sources */ = {
			isa = PBXSourcesBuildPhase;
			buildActionMask = 2147483647;
			files = (
				18E92CB32A99E30400E84549 /* main.m in Sources */,
				18E92CC62A9A040300E84549 /* UsersListTableViewCell.m in Sources */,
				18E92CC92A9A0CC400E84549 /* UserDetailViewController.swift in Sources */,
				18E92CA52A99E30300E84549 /* ViewController.m in Sources */,
				18E92C9F2A99E30300E84549 /* AppDelegate.m in Sources */,
				18E92CA22A99E30300E84549 /* SceneDelegate.m in Sources */,
				18E92CD82A9A1ED100E84549 /* UserLocationDetailTableViewCell.swift in Sources */,
				18E92CD62A9A1EC100E84549 /* UserBasicDetailTableViewCell.swift in Sources */,
				18E92CCE2A9A1D5B00E84549 /* UIViewExtension.swift in Sources */,
				18E92CDA2A9A42ED00E84549 /* UIViewControllerExtension.swift in Sources */,
				18E92CAB2A99E30300E84549 /* EmaarTestRaghav.xcdatamodeld in Sources */,
				18E92CBF2A99E82C00E84549 /* UsersInformation.m in Sources */,
				18E92CD42A9A1E9E00E84549 /* UserImageDetailTableViewCell.swift in Sources */,
			);
			runOnlyForDeploymentPostprocessing = 0;
		};
/* End PBXSourcesBuildPhase section */

/* Begin PBXVariantGroup section */
		18E92CA62A99E30300E84549 /* Main.storyboard */ = {
			isa = PBXVariantGroup;
			children = (
				18E92CA72A99E30300E84549 /* Base */,
			);
			name = Main.storyboard;
			sourceTree = "<group>";
		};
		18E92CAE2A99E30400E84549 /* LaunchScreen.storyboard */ = {
			isa = PBXVariantGroup;
			children = (
				18E92CAF2A99E30400E84549 /* Base */,
			);
			name = LaunchScreen.storyboard;
			sourceTree = "<group>";
		};
/* End PBXVariantGroup section */

/* Begin XCBuildConfiguration section */
		18E92CB42A99E30400E84549 /* Debug */ = {
			isa = XCBuildConfiguration;
			buildSettings = {
				ALWAYS_SEARCH_USER_PATHS = NO;
				CLANG_ANALYZER_NONNULL = YES;
				CLANG_ANALYZER_NUMBER_OBJECT_CONVERSION = YES_AGGRESSIVE;
				CLANG_CXX_LANGUAGE_STANDARD = "gnu++20";
				CLANG_ENABLE_MODULES = YES;
				CLANG_ENABLE_OBJC_ARC = YES;
				CLANG_ENABLE_OBJC_WEAK = YES;
				CLANG_WARN_BLOCK_CAPTURE_AUTORELEASING = YES;
				CLANG_WARN_BOOL_CONVERSION = YES;
				CLANG_WARN_COMMA = YES;
				CLANG_WARN_CONSTANT_CONVERSION = YES;
				CLANG_WARN_DEPRECATED_OBJC_IMPLEMENTATIONS = YES;
				CLANG_WARN_DIRECT_OBJC_ISA_USAGE = YES_ERROR;
				CLANG_WARN_DOCUMENTATION_COMMENTS = YES;
				CLANG_WARN_EMPTY_BODY = YES;
				CLANG_WARN_ENUM_CONVERSION = YES;
				CLANG_WARN_INFINITE_RECURSION = YES;
				CLANG_WARN_INT_CONVERSION = YES;
				CLANG_WARN_NON_LITERAL_NULL_CONVERSION = YES;
				CLANG_WARN_OBJC_IMPLICIT_RETAIN_SELF = YES;
				CLANG_WARN_OBJC_LITERAL_CONVERSION = YES;
				CLANG_WARN_OBJC_ROOT_CLASS = YES_ERROR;
				CLANG_WARN_QUOTED_INCLUDE_IN_FRAMEWORK_HEADER = YES;
				CLANG_WARN_RANGE_LOOP_ANALYSIS = YES;
				CLANG_WARN_STRICT_PROTOTYPES = YES;
				CLANG_WARN_SUSPICIOUS_MOVE = YES;
				CLANG_WARN_UNGUARDED_AVAILABILITY = YES_AGGRESSIVE;
				CLANG_WARN_UNREACHABLE_CODE = YES;
				CLANG_WARN__DUPLICATE_METHOD_MATCH = YES;
				COPY_PHASE_STRIP = NO;
				DEBUG_INFORMATION_FORMAT = dwarf;
				ENABLE_STRICT_OBJC_MSGSEND = YES;
				ENABLE_TESTABILITY = YES;
				GCC_C_LANGUAGE_STANDARD = gnu11;
				GCC_DYNAMIC_NO_PIC = NO;
				GCC_NO_COMMON_BLOCKS = YES;
				GCC_OPTIMIZATION_LEVEL = 0;
				GCC_PREPROCESSOR_DEFINITIONS = (
					"DEBUG=1",
					"$(inherited)",
				);
				GCC_WARN_64_TO_32_BIT_CONVERSION = YES;
				GCC_WARN_ABOUT_RETURN_TYPE = YES_ERROR;
				GCC_WARN_UNDECLARED_SELECTOR = YES;
				GCC_WARN_UNINITIALIZED_AUTOS = YES_AGGRESSIVE;
				GCC_WARN_UNUSED_FUNCTION = YES;
				GCC_WARN_UNUSED_VARIABLE = YES;
				IPHONEOS_DEPLOYMENT_TARGET = 16.4;
				MTL_ENABLE_DEBUG_INFO = INCLUDE_SOURCE;
				MTL_FAST_MATH = YES;
				ONLY_ACTIVE_ARCH = YES;
				SDKROOT = iphoneos;
			};
			name = Debug;
		};
		18E92CB52A99E30400E84549 /* Release */ = {
			isa = XCBuildConfiguration;
			buildSettings = {
				ALWAYS_SEARCH_USER_PATHS = NO;
				CLANG_ANALYZER_NONNULL = YES;
				CLANG_ANALYZER_NUMBER_OBJECT_CONVERSION = YES_AGGRESSIVE;
				CLANG_CXX_LANGUAGE_STANDARD = "gnu++20";
				CLANG_ENABLE_MODULES = YES;
				CLANG_ENABLE_OBJC_ARC = YES;
				CLANG_ENABLE_OBJC_WEAK = YES;
				CLANG_WARN_BLOCK_CAPTURE_AUTORELEASING = YES;
				CLANG_WARN_BOOL_CONVERSION = YES;
				CLANG_WARN_COMMA = YES;
				CLANG_WARN_CONSTANT_CONVERSION = YES;
				CLANG_WARN_DEPRECATED_OBJC_IMPLEMENTATIONS = YES;
				CLANG_WARN_DIRECT_OBJC_ISA_USAGE = YES_ERROR;
				CLANG_WARN_DOCUMENTATION_COMMENTS = YES;
				CLANG_WARN_EMPTY_BODY = YES;
				CLANG_WARN_ENUM_CONVERSION = YES;
				CLANG_WARN_INFINITE_RECURSION = YES;
				CLANG_WARN_INT_CONVERSION = YES;
				CLANG_WARN_NON_LITERAL_NULL_CONVERSION = YES;
				CLANG_WARN_OBJC_IMPLICIT_RETAIN_SELF = YES;
				CLANG_WARN_OBJC_LITERAL_CONVERSION = YES;
				CLANG_WARN_OBJC_ROOT_CLASS = YES_ERROR;
				CLANG_WARN_QUOTED_INCLUDE_IN_FRAMEWORK_HEADER = YES;
				CLANG_WARN_RANGE_LOOP_ANALYSIS = YES;
				CLANG_WARN_STRICT_PROTOTYPES = YES;
				CLANG_WARN_SUSPICIOUS_MOVE = YES;
				CLANG_WARN_UNGUARDED_AVAILABILITY = YES_AGGRESSIVE;
				CLANG_WARN_UNREACHABLE_CODE = YES;
				CLANG_WARN__DUPLICATE_METHOD_MATCH = YES;
				COPY_PHASE_STRIP = NO;
				DEBUG_INFORMATION_FORMAT = "dwarf-with-dsym";
				ENABLE_NS_ASSERTIONS = NO;
				ENABLE_STRICT_OBJC_MSGSEND = YES;
				GCC_C_LANGUAGE_STANDARD = gnu11;
				GCC_NO_COMMON_BLOCKS = YES;
				GCC_WARN_64_TO_32_BIT_CONVERSION = YES;
				GCC_WARN_ABOUT_RETURN_TYPE = YES_ERROR;
				GCC_WARN_UNDECLARED_SELECTOR = YES;
				GCC_WARN_UNINITIALIZED_AUTOS = YES_AGGRESSIVE;
				GCC_WARN_UNUSED_FUNCTION = YES;
				GCC_WARN_UNUSED_VARIABLE = YES;
				IPHONEOS_DEPLOYMENT_TARGET = 16.4;
				MTL_ENABLE_DEBUG_INFO = NO;
				MTL_FAST_MATH = YES;
				SDKROOT = iphoneos;
				VALIDATE_PRODUCT = YES;
			};
			name = Release;
		};
		18E92CB72A99E30400E84549 /* Debug */ = {
			isa = XCBuildConfiguration;
			baseConfigurationReference = AD6E97A883A4A2AF2176631C /* Pods-EmaarTestRaghav.debug.xcconfig */;
			buildSettings = {
				ASSETCATALOG_COMPILER_APPICON_NAME = AppIcon;
				ASSETCATALOG_COMPILER_GLOBAL_ACCENT_COLOR_NAME = AccentColor;
				CLANG_ENABLE_MODULES = YES;
				CODE_SIGN_STYLE = Automatic;
				CURRENT_PROJECT_VERSION = 1;
				GENERATE_INFOPLIST_FILE = YES;
				INFOPLIST_FILE = EmaarTestRaghav/Info.plist;
				INFOPLIST_KEY_UIApplicationSupportsIndirectInputEvents = YES;
				INFOPLIST_KEY_UILaunchStoryboardName = LaunchScreen;
				INFOPLIST_KEY_UIMainStoryboardFile = Main;
				INFOPLIST_KEY_UISupportedInterfaceOrientations_iPad = "UIInterfaceOrientationPortrait UIInterfaceOrientationPortraitUpsideDown UIInterfaceOrientationLandscapeLeft UIInterfaceOrientationLandscapeRight";
				INFOPLIST_KEY_UISupportedInterfaceOrientations_iPhone = "UIInterfaceOrientationPortrait UIInterfaceOrientationLandscapeLeft UIInterfaceOrientationLandscapeRight";
				LD_RUNPATH_SEARCH_PATHS = (
					"$(inherited)",
					"@executable_path/Frameworks",
				);
				MARKETING_VERSION = 1.0;
				PRODUCT_BUNDLE_IDENTIFIER = com.raghav.EmaarTestRaghav;
				PRODUCT_NAME = "$(TARGET_NAME)";
				SWIFT_EMIT_LOC_STRINGS = YES;
				SWIFT_OBJC_BRIDGING_HEADER = "EmaarTestRaghav/Controllers/EmaarTestRaghav-Bridging-Header.h";
				SWIFT_OPTIMIZATION_LEVEL = "-Onone";
				SWIFT_VERSION = 5.0;
				TARGETED_DEVICE_FAMILY = "1,2";
			};
			name = Debug;
		};
		18E92CB82A99E30400E84549 /* Release */ = {
			isa = XCBuildConfiguration;
			baseConfigurationReference = 84ECA22572FC2E014658D93E /* Pods-EmaarTestRaghav.release.xcconfig */;
			buildSettings = {
				ASSETCATALOG_COMPILER_APPICON_NAME = AppIcon;
				ASSETCATALOG_COMPILER_GLOBAL_ACCENT_COLOR_NAME = AccentColor;
				CLANG_ENABLE_MODULES = YES;
				CODE_SIGN_STYLE = Automatic;
				CURRENT_PROJECT_VERSION = 1;
				GENERATE_INFOPLIST_FILE = YES;
				INFOPLIST_FILE = EmaarTestRaghav/Info.plist;
				INFOPLIST_KEY_UIApplicationSupportsIndirectInputEvents = YES;
				INFOPLIST_KEY_UILaunchStoryboardName = LaunchScreen;
				INFOPLIST_KEY_UIMainStoryboardFile = Main;
				INFOPLIST_KEY_UISupportedInterfaceOrientations_iPad = "UIInterfaceOrientationPortrait UIInterfaceOrientationPortraitUpsideDown UIInterfaceOrientationLandscapeLeft UIInterfaceOrientationLandscapeRight";
				INFOPLIST_KEY_UISupportedInterfaceOrientations_iPhone = "UIInterfaceOrientationPortrait UIInterfaceOrientationLandscapeLeft UIInterfaceOrientationLandscapeRight";
				LD_RUNPATH_SEARCH_PATHS = (
					"$(inherited)",
					"@executable_path/Frameworks",
				);
				MARKETING_VERSION = 1.0;
				PRODUCT_BUNDLE_IDENTIFIER = com.raghav.EmaarTestRaghav;
				PRODUCT_NAME = "$(TARGET_NAME)";
				SWIFT_EMIT_LOC_STRINGS = YES;
				SWIFT_OBJC_BRIDGING_HEADER = "EmaarTestRaghav/Controllers/EmaarTestRaghav-Bridging-Header.h";
				SWIFT_VERSION = 5.0;
				TARGETED_DEVICE_FAMILY = "1,2";
			};
			name = Release;
		};
/* End XCBuildConfiguration section */

/* Begin XCConfigurationList section */
		18E92C952A99E30300E84549 /* Build configuration list for PBXProject "EmaarTestRaghav" */ = {
			isa = XCConfigurationList;
			buildConfigurations = (
				18E92CB42A99E30400E84549 /* Debug */,
				18E92CB52A99E30400E84549 /* Release */,
			);
			defaultConfigurationIsVisible = 0;
			defaultConfigurationName = Release;
		};
		18E92CB62A99E30400E84549 /* Build configuration list for PBXNativeTarget "EmaarTestRaghav" */ = {
			isa = XCConfigurationList;
			buildConfigurations = (
				18E92CB72A99E30400E84549 /* Debug */,
				18E92CB82A99E30400E84549 /* Release */,
			);
			defaultConfigurationIsVisible = 0;
			defaultConfigurationName = Release;
		};
/* End XCConfigurationList section */

/* Begin XCVersionGroup section */
		18E92CA92A99E30300E84549 /* EmaarTestRaghav.xcdatamodeld */ = {
			isa = XCVersionGroup;
			children = (
				18E92CAA2A99E30300E84549 /* EmaarTestRaghav.xcdatamodel */,
			);
			currentVersion = 18E92CAA2A99E30300E84549 /* EmaarTestRaghav.xcdatamodel */;
			path = EmaarTestRaghav.xcdatamodeld;
			sourceTree = "<group>";
			versionGroupType = wrapper.xcdatamodel;
		};
/* End XCVersionGroup section */
	};
	rootObject = 18E92C922A99E30300E84549 /* Project object */;
}
